// !$*UTF8*$!
{
	archiveVersion = 1;
	classes = {
	};
	objectVersion = 46;
	objects = {

/* Begin PBXBuildFile section */
		5208841E2692F5CF00253F98 /* NetworkManager.swift in Sources */ = {isa = PBXBuildFile; fileRef = 520884192692F5CF00253F98 /* NetworkManager.swift */; };
		5208841F2692F5CF00253F98 /* RequestCreator.swift in Sources */ = {isa = PBXBuildFile; fileRef = 5208841A2692F5CF00253F98 /* RequestCreator.swift */; };
		520884202692F5CF00253F98 /* URLSessionProtocol.swift in Sources */ = {isa = PBXBuildFile; fileRef = 5208841B2692F5CF00253F98 /* URLSessionProtocol.swift */; };
		520884212692F5CF00253F98 /* URLSessionExtension.swift in Sources */ = {isa = PBXBuildFile; fileRef = 5208841C2692F5CF00253F98 /* URLSessionExtension.swift */; };
		520884222692F5CF00253F98 /* NetworkConstant.swift in Sources */ = {isa = PBXBuildFile; fileRef = 5208841D2692F5CF00253F98 /* NetworkConstant.swift */; };
		520884272692F62000253F98 /* ReachabilityManager.swift in Sources */ = {isa = PBXBuildFile; fileRef = 520884252692F62000253F98 /* ReachabilityManager.swift */; };
		520884282692F62000253F98 /* Reachability.swift in Sources */ = {isa = PBXBuildFile; fileRef = 520884262692F62000253F98 /* Reachability.swift */; };
		5208842E2692F86A00253F98 /* JSONParser.swift in Sources */ = {isa = PBXBuildFile; fileRef = 5208842D2692F86A00253F98 /* JSONParser.swift */; };
		520884322692FE1800253F98 /* ProductModel.swift in Sources */ = {isa = PBXBuildFile; fileRef = 520884312692FE1800253F98 /* ProductModel.swift */; };
		5208843726931D6800253F98 /* CachedImageView.swift in Sources */ = {isa = PBXBuildFile; fileRef = 5208843626931D6800253F98 /* CachedImageView.swift */; };
		5208843C26931DB400253F98 /* Constants.swift in Sources */ = {isa = PBXBuildFile; fileRef = 5208843B26931DB400253F98 /* Constants.swift */; };
		5208843F26932FE900253F98 /* ColorExtension.swift in Sources */ = {isa = PBXBuildFile; fileRef = 5208843E26932FE900253F98 /* ColorExtension.swift */; };
		5216B6A726944DE400A109BE /* DetailViewController.swift in Sources */ = {isa = PBXBuildFile; fileRef = 5216B6A626944DE400A109BE /* DetailViewController.swift */; };
		5216B6AD2694651400A109BE /* UIView+AutolayoutExtension.swift in Sources */ = {isa = PBXBuildFile; fileRef = 5216B6AC2694651400A109BE /* UIView+AutolayoutExtension.swift */; };
		5216B6B026948A9C00A109BE /* AppOrientationUtility.swift in Sources */ = {isa = PBXBuildFile; fileRef = 5216B6AF26948A9C00A109BE /* AppOrientationUtility.swift */; };
		5216B6C52694903400A109BE /* NetworkManagerTests.swift in Sources */ = {isa = PBXBuildFile; fileRef = 5216B6C32694903400A109BE /* NetworkManagerTests.swift */; };
		5216B6C62694903400A109BE /* RequestCreatorTests.swift in Sources */ = {isa = PBXBuildFile; fileRef = 5216B6C42694903400A109BE /* RequestCreatorTests.swift */; };
		5216B6CD269490EF00A109BE /* MockURLSession.swift in Sources */ = {isa = PBXBuildFile; fileRef = 5216B6CC269490EF00A109BE /* MockURLSession.swift */; };
		5216B6D42694919200A109BE /* TestConstants.swift in Sources */ = {isa = PBXBuildFile; fileRef = 5216B6D32694919200A109BE /* TestConstants.swift */; };
		5216B6DD2694922A00A109BE /* JSONParserTests.swift in Sources */ = {isa = PBXBuildFile; fileRef = 5216B6DC2694922A00A109BE /* JSONParserTests.swift */; };
		5B259CCA1D6630E0001D755F /* AppDelegate.swift in Sources */ = {isa = PBXBuildFile; fileRef = 5B259CC91D6630E0001D755F /* AppDelegate.swift */; };
		5B259CD11D6630E0001D755F /* Assets.xcassets in Resources */ = {isa = PBXBuildFile; fileRef = 5B259CD01D6630E0001D755F /* Assets.xcassets */; };
		5B259CD41D6630E0001D755F /* LaunchScreen.storyboard in Resources */ = {isa = PBXBuildFile; fileRef = 5B259CD21D6630E0001D755F /* LaunchScreen.storyboard */; };
		5B2675A21D674B400015A238 /* ListEvents.swift in Sources */ = {isa = PBXBuildFile; fileRef = 5B2675A11D674B400015A238 /* ListEvents.swift */; };
		5B302A8F1D663A8500FA2FFD /* ProductListComponent.swift in Sources */ = {isa = PBXBuildFile; fileRef = 5B302A8E1D663A8500FA2FFD /* ProductListComponent.swift */; };
		5BEF08121D6632EC006BF0C0 /* ListCoordinator.swift in Sources */ = {isa = PBXBuildFile; fileRef = 5BEF08111D6632EC006BF0C0 /* ListCoordinator.swift */; };
		5BEF08141D663304006BF0C0 /* ListViewController.swift in Sources */ = {isa = PBXBuildFile; fileRef = 5BEF08131D663304006BF0C0 /* ListViewController.swift */; };
		5BEF08161D66333C006BF0C0 /* ListViewState.swift in Sources */ = {isa = PBXBuildFile; fileRef = 5BEF08151D66333C006BF0C0 /* ListViewState.swift */; };
		5BEF081F1D663598006BF0C0 /* ProductListView.swift in Sources */ = {isa = PBXBuildFile; fileRef = 5BEF081E1D663598006BF0C0 /* ProductListView.swift */; };
		5BEF08211D6635B2006BF0C0 /* ProductListView.xib in Resources */ = {isa = PBXBuildFile; fileRef = 5BEF08201D6635B2006BF0C0 /* ProductListView.xib */; };
		C5C0528B23886699002A586D /* Tempo.framework in Frameworks */ = {isa = PBXBuildFile; fileRef = C5C0528723886616002A586D /* Tempo.framework */; };
/* End PBXBuildFile section */

/* Begin PBXContainerItemProxy section */
		5216B6BB26948FE600A109BE /* PBXContainerItemProxy */ = {
			isa = PBXContainerItemProxy;
			containerPortal = 5B259CBE1D6630E0001D755F /* Project object */;
			proxyType = 1;
			remoteGlobalIDString = 5B259CC51D6630E0001D755F;
			remoteInfo = ProductViewer;
		};
/* End PBXContainerItemProxy section */

/* Begin PBXFileReference section */
		520884192692F5CF00253F98 /* NetworkManager.swift */ = {isa = PBXFileReference; fileEncoding = 4; lastKnownFileType = sourcecode.swift; path = NetworkManager.swift; sourceTree = "<group>"; };
		5208841A2692F5CF00253F98 /* RequestCreator.swift */ = {isa = PBXFileReference; fileEncoding = 4; lastKnownFileType = sourcecode.swift; path = RequestCreator.swift; sourceTree = "<group>"; };
		5208841B2692F5CF00253F98 /* URLSessionProtocol.swift */ = {isa = PBXFileReference; fileEncoding = 4; lastKnownFileType = sourcecode.swift; path = URLSessionProtocol.swift; sourceTree = "<group>"; };
		5208841C2692F5CF00253F98 /* URLSessionExtension.swift */ = {isa = PBXFileReference; fileEncoding = 4; lastKnownFileType = sourcecode.swift; path = URLSessionExtension.swift; sourceTree = "<group>"; };
		5208841D2692F5CF00253F98 /* NetworkConstant.swift */ = {isa = PBXFileReference; fileEncoding = 4; lastKnownFileType = sourcecode.swift; path = NetworkConstant.swift; sourceTree = "<group>"; };
		520884252692F62000253F98 /* ReachabilityManager.swift */ = {isa = PBXFileReference; fileEncoding = 4; lastKnownFileType = sourcecode.swift; path = ReachabilityManager.swift; sourceTree = "<group>"; };
		520884262692F62000253F98 /* Reachability.swift */ = {isa = PBXFileReference; fileEncoding = 4; lastKnownFileType = sourcecode.swift; path = Reachability.swift; sourceTree = "<group>"; };
		5208842D2692F86A00253F98 /* JSONParser.swift */ = {isa = PBXFileReference; fileEncoding = 4; lastKnownFileType = sourcecode.swift; path = JSONParser.swift; sourceTree = "<group>"; };
		520884312692FE1800253F98 /* ProductModel.swift */ = {isa = PBXFileReference; lastKnownFileType = sourcecode.swift; path = ProductModel.swift; sourceTree = "<group>"; };
		5208843626931D6800253F98 /* CachedImageView.swift */ = {isa = PBXFileReference; fileEncoding = 4; lastKnownFileType = sourcecode.swift; path = CachedImageView.swift; sourceTree = "<group>"; };
		5208843B26931DB400253F98 /* Constants.swift */ = {isa = PBXFileReference; lastKnownFileType = sourcecode.swift; path = Constants.swift; sourceTree = "<group>"; };
		5208843E26932FE900253F98 /* ColorExtension.swift */ = {isa = PBXFileReference; lastKnownFileType = sourcecode.swift; path = ColorExtension.swift; sourceTree = "<group>"; };
		5216B6A626944DE400A109BE /* DetailViewController.swift */ = {isa = PBXFileReference; lastKnownFileType = sourcecode.swift; path = DetailViewController.swift; sourceTree = "<group>"; };
		5216B6AC2694651400A109BE /* UIView+AutolayoutExtension.swift */ = {isa = PBXFileReference; fileEncoding = 4; lastKnownFileType = sourcecode.swift; path = "UIView+AutolayoutExtension.swift"; sourceTree = "<group>"; };
		5216B6AF26948A9C00A109BE /* AppOrientationUtility.swift */ = {isa = PBXFileReference; lastKnownFileType = sourcecode.swift; path = AppOrientationUtility.swift; sourceTree = "<group>"; };
		5216B6B626948FE600A109BE /* ProductViewerTests.xctest */ = {isa = PBXFileReference; explicitFileType = wrapper.cfbundle; includeInIndex = 0; path = ProductViewerTests.xctest; sourceTree = BUILT_PRODUCTS_DIR; };
		5216B6BA26948FE600A109BE /* Info.plist */ = {isa = PBXFileReference; lastKnownFileType = text.plist.xml; path = Info.plist; sourceTree = "<group>"; };
		5216B6C32694903400A109BE /* NetworkManagerTests.swift */ = {isa = PBXFileReference; fileEncoding = 4; lastKnownFileType = sourcecode.swift; path = NetworkManagerTests.swift; sourceTree = "<group>"; };
		5216B6C42694903400A109BE /* RequestCreatorTests.swift */ = {isa = PBXFileReference; fileEncoding = 4; lastKnownFileType = sourcecode.swift; path = RequestCreatorTests.swift; sourceTree = "<group>"; };
		5216B6CC269490EF00A109BE /* MockURLSession.swift */ = {isa = PBXFileReference; fileEncoding = 4; lastKnownFileType = sourcecode.swift; path = MockURLSession.swift; sourceTree = "<group>"; };
		5216B6D32694919200A109BE /* TestConstants.swift */ = {isa = PBXFileReference; fileEncoding = 4; lastKnownFileType = sourcecode.swift; path = TestConstants.swift; sourceTree = "<group>"; };
		5216B6DC2694922A00A109BE /* JSONParserTests.swift */ = {isa = PBXFileReference; fileEncoding = 4; lastKnownFileType = sourcecode.swift; path = JSONParserTests.swift; sourceTree = "<group>"; };
		5B259CC61D6630E0001D755F /* ProductViewer.app */ = {isa = PBXFileReference; explicitFileType = wrapper.application; includeInIndex = 0; path = ProductViewer.app; sourceTree = BUILT_PRODUCTS_DIR; };
		5B259CC91D6630E0001D755F /* AppDelegate.swift */ = {isa = PBXFileReference; lastKnownFileType = sourcecode.swift; path = AppDelegate.swift; sourceTree = "<group>"; };
		5B259CD01D6630E0001D755F /* Assets.xcassets */ = {isa = PBXFileReference; lastKnownFileType = folder.assetcatalog; path = Assets.xcassets; sourceTree = "<group>"; };
		5B259CD31D6630E0001D755F /* Base */ = {isa = PBXFileReference; lastKnownFileType = file.storyboard; name = Base; path = Base.lproj/LaunchScreen.storyboard; sourceTree = "<group>"; };
		5B259CD51D6630E0001D755F /* Info.plist */ = {isa = PBXFileReference; lastKnownFileType = text.plist.xml; path = Info.plist; sourceTree = "<group>"; };
		5B2675A11D674B400015A238 /* ListEvents.swift */ = {isa = PBXFileReference; fileEncoding = 4; lastKnownFileType = sourcecode.swift; path = ListEvents.swift; sourceTree = "<group>"; };
		5B302A8E1D663A8500FA2FFD /* ProductListComponent.swift */ = {isa = PBXFileReference; fileEncoding = 4; lastKnownFileType = sourcecode.swift; path = ProductListComponent.swift; sourceTree = "<group>"; };
		5BEF08111D6632EC006BF0C0 /* ListCoordinator.swift */ = {isa = PBXFileReference; fileEncoding = 4; lastKnownFileType = sourcecode.swift; path = ListCoordinator.swift; sourceTree = "<group>"; };
		5BEF08131D663304006BF0C0 /* ListViewController.swift */ = {isa = PBXFileReference; fileEncoding = 4; lastKnownFileType = sourcecode.swift; path = ListViewController.swift; sourceTree = "<group>"; };
		5BEF08151D66333C006BF0C0 /* ListViewState.swift */ = {isa = PBXFileReference; fileEncoding = 4; lastKnownFileType = sourcecode.swift; path = ListViewState.swift; sourceTree = "<group>"; };
		5BEF081E1D663598006BF0C0 /* ProductListView.swift */ = {isa = PBXFileReference; fileEncoding = 4; lastKnownFileType = sourcecode.swift; path = ProductListView.swift; sourceTree = "<group>"; };
		5BEF08201D6635B2006BF0C0 /* ProductListView.xib */ = {isa = PBXFileReference; fileEncoding = 4; lastKnownFileType = file.xib; path = ProductListView.xib; sourceTree = "<group>"; };
		C5C0528723886616002A586D /* Tempo.framework */ = {isa = PBXFileReference; explicitFileType = wrapper.framework; path = Tempo.framework; sourceTree = BUILT_PRODUCTS_DIR; };
/* End PBXFileReference section */

/* Begin PBXFrameworksBuildPhase section */
		5216B6B326948FE600A109BE /* Frameworks */ = {
			isa = PBXFrameworksBuildPhase;
			buildActionMask = 2147483647;
			files = (
			);
			runOnlyForDeploymentPostprocessing = 0;
		};
		5B259CC31D6630E0001D755F /* Frameworks */ = {
			isa = PBXFrameworksBuildPhase;
			buildActionMask = 2147483647;
			files = (
				C5C0528B23886699002A586D /* Tempo.framework in Frameworks */,
			);
			runOnlyForDeploymentPostprocessing = 0;
		};
/* End PBXFrameworksBuildPhase section */

/* Begin PBXGroup section */
		520884182692F59500253F98 /* Network */ = {
			isa = PBXGroup;
			children = (
				5208841D2692F5CF00253F98 /* NetworkConstant.swift */,
				520884192692F5CF00253F98 /* NetworkManager.swift */,
				5208841A2692F5CF00253F98 /* RequestCreator.swift */,
				5208841C2692F5CF00253F98 /* URLSessionExtension.swift */,
				5208841B2692F5CF00253F98 /* URLSessionProtocol.swift */,
			);
			path = Network;
			sourceTree = "<group>";
		};
		520884242692F5EC00253F98 /* Reachability */ = {
			isa = PBXGroup;
			children = (
				520884262692F62000253F98 /* Reachability.swift */,
				520884252692F62000253F98 /* ReachabilityManager.swift */,
			);
			path = Reachability;
			sourceTree = "<group>";
		};
		5208842C2692F81700253F98 /* Parser */ = {
			isa = PBXGroup;
			children = (
				5208842D2692F86A00253F98 /* JSONParser.swift */,
			);
			path = Parser;
			sourceTree = "<group>";
		};
		520884302692FDFE00253F98 /* Model */ = {
			isa = PBXGroup;
			children = (
				520884312692FE1800253F98 /* ProductModel.swift */,
			);
			path = Model;
			sourceTree = "<group>";
		};
		5208843526931CA800253F98 /* Utility */ = {
			isa = PBXGroup;
			children = (
				5216B6AC2694651400A109BE /* UIView+AutolayoutExtension.swift */,
				5208843626931D6800253F98 /* CachedImageView.swift */,
				5208843B26931DB400253F98 /* Constants.swift */,
				5208843E26932FE900253F98 /* ColorExtension.swift */,
				5216B6AF26948A9C00A109BE /* AppOrientationUtility.swift */,
			);
			path = Utility;
			sourceTree = "<group>";
		};
		5216B6A526944DAD00A109BE /* Detail */ = {
			isa = PBXGroup;
			children = (
				5216B6A626944DE400A109BE /* DetailViewController.swift */,
			);
			path = Detail;
			sourceTree = "<group>";
		};
		5216B6B726948FE600A109BE /* ProductViewerTests */ = {
			isa = PBXGroup;
			children = (
				5216B6DB2694920600A109BE /* Parser */,
				5216B6D22694917900A109BE /* Utils */,
				5216B6CB269490D100A109BE /* Mocks */,
				5216B6C226948FFE00A109BE /* Network */,
				5216B6BA26948FE600A109BE /* Info.plist */,
			);
			path = ProductViewerTests;
			sourceTree = "<group>";
		};
		5216B6C226948FFE00A109BE /* Network */ = {
			isa = PBXGroup;
			children = (
				5216B6C32694903400A109BE /* NetworkManagerTests.swift */,
				5216B6C42694903400A109BE /* RequestCreatorTests.swift */,
			);
			path = Network;
			sourceTree = "<group>";
		};
		5216B6CB269490D100A109BE /* Mocks */ = {
			isa = PBXGroup;
			children = (
				5216B6CC269490EF00A109BE /* MockURLSession.swift */,
			);
			path = Mocks;
			sourceTree = "<group>";
		};
		5216B6D22694917900A109BE /* Utils */ = {
			isa = PBXGroup;
			children = (
				5216B6D32694919200A109BE /* TestConstants.swift */,
			);
			path = Utils;
			sourceTree = "<group>";
		};
		5216B6DB2694920600A109BE /* Parser */ = {
			isa = PBXGroup;
			children = (
				5216B6DC2694922A00A109BE /* JSONParserTests.swift */,
			);
			path = Parser;
			sourceTree = "<group>";
		};
		5B259CBD1D6630E0001D755F = {
			isa = PBXGroup;
			children = (
				5B259CC81D6630E0001D755F /* ProductViewer */,
				5216B6B726948FE600A109BE /* ProductViewerTests */,
				5B259CC71D6630E0001D755F /* Products */,
				5B518D921F1010E1005C013B /* Frameworks */,
			);
			sourceTree = "<group>";
		};
		5B259CC71D6630E0001D755F /* Products */ = {
			isa = PBXGroup;
			children = (
				5B259CC61D6630E0001D755F /* ProductViewer.app */,
				5216B6B626948FE600A109BE /* ProductViewerTests.xctest */,
			);
			name = Products;
			sourceTree = "<group>";
		};
		5B259CC81D6630E0001D755F /* ProductViewer */ = {
			isa = PBXGroup;
			children = (
				5216B6A526944DAD00A109BE /* Detail */,
				5208843526931CA800253F98 /* Utility */,
				520884302692FDFE00253F98 /* Model */,
				5208842C2692F81700253F98 /* Parser */,
				520884242692F5EC00253F98 /* Reachability */,
				520884182692F59500253F98 /* Network */,
				5BEF080F1D663283006BF0C0 /* List */,
				5B259CC91D6630E0001D755F /* AppDelegate.swift */,
				5B259CD01D6630E0001D755F /* Assets.xcassets */,
				5B259CD21D6630E0001D755F /* LaunchScreen.storyboard */,
				5B259CD51D6630E0001D755F /* Info.plist */,
			);
			path = ProductViewer;
			sourceTree = "<group>";
		};
		5B518D921F1010E1005C013B /* Frameworks */ = {
			isa = PBXGroup;
			children = (
				C5C0528723886616002A586D /* Tempo.framework */,
			);
			name = Frameworks;
			sourceTree = "<group>";
		};
		5BEF080F1D663283006BF0C0 /* List */ = {
			isa = PBXGroup;
			children = (
				5BEF081D1D663573006BF0C0 /* Components */,
				5BEF08111D6632EC006BF0C0 /* ListCoordinator.swift */,
				5BEF08131D663304006BF0C0 /* ListViewController.swift */,
				5BEF08151D66333C006BF0C0 /* ListViewState.swift */,
				5B2675A11D674B400015A238 /* ListEvents.swift */,
			);
			path = List;
			sourceTree = "<group>";
		};
		5BEF081D1D663573006BF0C0 /* Components */ = {
			isa = PBXGroup;
			children = (
				5BEF081E1D663598006BF0C0 /* ProductListView.swift */,
				5BEF08201D6635B2006BF0C0 /* ProductListView.xib */,
				5B302A8E1D663A8500FA2FFD /* ProductListComponent.swift */,
			);
			path = Components;
			sourceTree = "<group>";
		};
/* End PBXGroup section */

/* Begin PBXNativeTarget section */
		5216B6B526948FE600A109BE /* ProductViewerTests */ = {
			isa = PBXNativeTarget;
			buildConfigurationList = 5216B6BD26948FE600A109BE /* Build configuration list for PBXNativeTarget "ProductViewerTests" */;
			buildPhases = (
				5216B6B226948FE600A109BE /* Sources */,
				5216B6B326948FE600A109BE /* Frameworks */,
				5216B6B426948FE600A109BE /* Resources */,
			);
			buildRules = (
			);
			dependencies = (
				5216B6BC26948FE600A109BE /* PBXTargetDependency */,
			);
			name = ProductViewerTests;
			productName = ProductViewerTests;
			productReference = 5216B6B626948FE600A109BE /* ProductViewerTests.xctest */;
			productType = "com.apple.product-type.bundle.unit-test";
		};
		5B259CC51D6630E0001D755F /* ProductViewer */ = {
			isa = PBXNativeTarget;
			buildConfigurationList = 5B259CD81D6630E0001D755F /* Build configuration list for PBXNativeTarget "ProductViewer" */;
			buildPhases = (
				5B259CC21D6630E0001D755F /* Sources */,
				5B259CC31D6630E0001D755F /* Frameworks */,
				5B259CC41D6630E0001D755F /* Resources */,
			);
			buildRules = (
			);
			dependencies = (
			);
			name = ProductViewer;
			productName = ProductViewer;
			productReference = 5B259CC61D6630E0001D755F /* ProductViewer.app */;
			productType = "com.apple.product-type.application";
		};
/* End PBXNativeTarget section */

/* Begin PBXProject section */
		5B259CBE1D6630E0001D755F /* Project object */ = {
			isa = PBXProject;
			attributes = {
				LastSwiftUpdateCheck = 1240;
				LastUpgradeCheck = 1100;
				ORGANIZATIONNAME = Target;
				TargetAttributes = {
					5216B6B526948FE600A109BE = {
						CreatedOnToolsVersion = 12.4;
						DevelopmentTeam = 85SN83N4QS;
						ProvisioningStyle = Automatic;
						TestTargetID = 5B259CC51D6630E0001D755F;
					};
					5B259CC51D6630E0001D755F = {
						CreatedOnToolsVersion = 7.3.1;
						DevelopmentTeam = 85SN83N4QS;
						LastSwiftMigration = 0830;
						ProvisioningStyle = Automatic;
					};
				};
			};
			buildConfigurationList = 5B259CC11D6630E0001D755F /* Build configuration list for PBXProject "ProductViewer" */;
			compatibilityVersion = "Xcode 3.2";
			developmentRegion = en;
			hasScannedForEncodings = 0;
			knownRegions = (
				en,
				Base,
			);
			mainGroup = 5B259CBD1D6630E0001D755F;
			productRefGroup = 5B259CC71D6630E0001D755F /* Products */;
			projectDirPath = "";
			projectRoot = "";
			targets = (
				5B259CC51D6630E0001D755F /* ProductViewer */,
				5216B6B526948FE600A109BE /* ProductViewerTests */,
			);
		};
/* End PBXProject section */

/* Begin PBXResourcesBuildPhase section */
		5216B6B426948FE600A109BE /* Resources */ = {
			isa = PBXResourcesBuildPhase;
			buildActionMask = 2147483647;
			files = (
			);
			runOnlyForDeploymentPostprocessing = 0;
		};
		5B259CC41D6630E0001D755F /* Resources */ = {
			isa = PBXResourcesBuildPhase;
			buildActionMask = 2147483647;
			files = (
				5B259CD41D6630E0001D755F /* LaunchScreen.storyboard in Resources */,
				5B259CD11D6630E0001D755F /* Assets.xcassets in Resources */,
				5BEF08211D6635B2006BF0C0 /* ProductListView.xib in Resources */,
			);
			runOnlyForDeploymentPostprocessing = 0;
		};
/* End PBXResourcesBuildPhase section */

/* Begin PBXSourcesBuildPhase section */
		5216B6B226948FE600A109BE /* Sources */ = {
			isa = PBXSourcesBuildPhase;
			buildActionMask = 2147483647;
			files = (
				5216B6CD269490EF00A109BE /* MockURLSession.swift in Sources */,
				5216B6C62694903400A109BE /* RequestCreatorTests.swift in Sources */,
				5216B6DD2694922A00A109BE /* JSONParserTests.swift in Sources */,
				5216B6D42694919200A109BE /* TestConstants.swift in Sources */,
				5216B6C52694903400A109BE /* NetworkManagerTests.swift in Sources */,
			);
			runOnlyForDeploymentPostprocessing = 0;
		};
		5B259CC21D6630E0001D755F /* Sources */ = {
			isa = PBXSourcesBuildPhase;
			buildActionMask = 2147483647;
			files = (
				520884282692F62000253F98 /* Reachability.swift in Sources */,
				5216B6B026948A9C00A109BE /* AppOrientationUtility.swift in Sources */,
				520884272692F62000253F98 /* ReachabilityManager.swift in Sources */,
				520884202692F5CF00253F98 /* URLSessionProtocol.swift in Sources */,
				5BEF08161D66333C006BF0C0 /* ListViewState.swift in Sources */,
				5B259CCA1D6630E0001D755F /* AppDelegate.swift in Sources */,
				5BEF081F1D663598006BF0C0 /* ProductListView.swift in Sources */,
				520884222692F5CF00253F98 /* NetworkConstant.swift in Sources */,
				5216B6A726944DE400A109BE /* DetailViewController.swift in Sources */,
				5B302A8F1D663A8500FA2FFD /* ProductListComponent.swift in Sources */,
				5208841E2692F5CF00253F98 /* NetworkManager.swift in Sources */,
				5BEF08141D663304006BF0C0 /* ListViewController.swift in Sources */,
				5216B6AD2694651400A109BE /* UIView+AutolayoutExtension.swift in Sources */,
				5BEF08121D6632EC006BF0C0 /* ListCoordinator.swift in Sources */,
				5208842E2692F86A00253F98 /* JSONParser.swift in Sources */,
				5208843726931D6800253F98 /* CachedImageView.swift in Sources */,
				5208841F2692F5CF00253F98 /* RequestCreator.swift in Sources */,
				5B2675A21D674B400015A238 /* ListEvents.swift in Sources */,
				520884212692F5CF00253F98 /* URLSessionExtension.swift in Sources */,
				520884322692FE1800253F98 /* ProductModel.swift in Sources */,
				5208843C26931DB400253F98 /* Constants.swift in Sources */,
				5208843F26932FE900253F98 /* ColorExtension.swift in Sources */,
			);
			runOnlyForDeploymentPostprocessing = 0;
		};
/* End PBXSourcesBuildPhase section */

/* Begin PBXTargetDependency section */
		5216B6BC26948FE600A109BE /* PBXTargetDependency */ = {
			isa = PBXTargetDependency;
			target = 5B259CC51D6630E0001D755F /* ProductViewer */;
			targetProxy = 5216B6BB26948FE600A109BE /* PBXContainerItemProxy */;
		};
/* End PBXTargetDependency section */

/* Begin PBXVariantGroup section */
		5B259CD21D6630E0001D755F /* LaunchScreen.storyboard */ = {
			isa = PBXVariantGroup;
			children = (
				5B259CD31D6630E0001D755F /* Base */,
			);
			name = LaunchScreen.storyboard;
			sourceTree = "<group>";
		};
/* End PBXVariantGroup section */

/* Begin XCBuildConfiguration section */
		5216B6BE26948FE600A109BE /* Debug */ = {
			isa = XCBuildConfiguration;
			buildSettings = {
				BUNDLE_LOADER = "$(TEST_HOST)";
				CLANG_ANALYZER_NUMBER_OBJECT_CONVERSION = YES_AGGRESSIVE;
				CLANG_CXX_LANGUAGE_STANDARD = "gnu++14";
				CLANG_ENABLE_OBJC_WEAK = YES;
				CLANG_WARN_DOCUMENTATION_COMMENTS = YES;
				CLANG_WARN_QUOTED_INCLUDE_IN_FRAMEWORK_HEADER = YES;
				CLANG_WARN_UNGUARDED_AVAILABILITY = YES_AGGRESSIVE;
				CODE_SIGN_STYLE = Automatic;
				DEVELOPMENT_TEAM = 85SN83N4QS;
				GCC_C_LANGUAGE_STANDARD = gnu11;
				INFOPLIST_FILE = ProductViewerTests/Info.plist;
				IPHONEOS_DEPLOYMENT_TARGET = 14.4;
				LD_RUNPATH_SEARCH_PATHS = "$(inherited) @executable_path/Frameworks @loader_path/Frameworks";
				MTL_ENABLE_DEBUG_INFO = INCLUDE_SOURCE;
				MTL_FAST_MATH = YES;
				PRODUCT_BUNDLE_IDENTIFIER = com.Suryakant.ProductViewerTests;
				PRODUCT_NAME = "$(TARGET_NAME)";
				SWIFT_ACTIVE_COMPILATION_CONDITIONS = DEBUG;
				SWIFT_VERSION = 5.0;
				TARGETED_DEVICE_FAMILY = "1,2";
				TEST_HOST = "$(BUILT_PRODUCTS_DIR)/ProductViewer.app/ProductViewer";
			};
			name = Debug;
		};
		5216B6BF26948FE600A109BE /* Release */ = {
			isa = XCBuildConfiguration;
			buildSettings = {
				BUNDLE_LOADER = "$(TEST_HOST)";
				CLANG_ANALYZER_NUMBER_OBJECT_CONVERSION = YES_AGGRESSIVE;
				CLANG_CXX_LANGUAGE_STANDARD = "gnu++14";
				CLANG_ENABLE_OBJC_WEAK = YES;
				CLANG_WARN_DOCUMENTATION_COMMENTS = YES;
				CLANG_WARN_QUOTED_INCLUDE_IN_FRAMEWORK_HEADER = YES;
				CLANG_WARN_UNGUARDED_AVAILABILITY = YES_AGGRESSIVE;
				CODE_SIGN_STYLE = Automatic;
				DEVELOPMENT_TEAM = 85SN83N4QS;
				GCC_C_LANGUAGE_STANDARD = gnu11;
				INFOPLIST_FILE = ProductViewerTests/Info.plist;
				IPHONEOS_DEPLOYMENT_TARGET = 14.4;
				LD_RUNPATH_SEARCH_PATHS = "$(inherited) @executable_path/Frameworks @loader_path/Frameworks";
				MTL_FAST_MATH = YES;
				PRODUCT_BUNDLE_IDENTIFIER = com.Suryakant.ProductViewerTests;
				PRODUCT_NAME = "$(TARGET_NAME)";
				SWIFT_OPTIMIZATION_LEVEL = "-O";
				SWIFT_VERSION = 5.0;
				TARGETED_DEVICE_FAMILY = "1,2";
				TEST_HOST = "$(BUILT_PRODUCTS_DIR)/ProductViewer.app/ProductViewer";
			};
			name = Release;
		};
		5B259CD61D6630E0001D755F /* Debug */ = {
			isa = XCBuildConfiguration;
			buildSettings = {
				ALWAYS_SEARCH_USER_PATHS = NO;
				CLANG_ANALYZER_NONNULL = YES;
				CLANG_CXX_LANGUAGE_STANDARD = "gnu++0x";
				CLANG_CXX_LIBRARY = "libc++";
				CLANG_ENABLE_MODULES = YES;
				CLANG_ENABLE_OBJC_ARC = YES;
				CLANG_WARN_BLOCK_CAPTURE_AUTORELEASING = YES;
				CLANG_WARN_BOOL_CONVERSION = YES;
				CLANG_WARN_COMMA = YES;
				CLANG_WARN_CONSTANT_CONVERSION = YES;
				CLANG_WARN_DEPRECATED_OBJC_IMPLEMENTATIONS = YES;
				CLANG_WARN_DIRECT_OBJC_ISA_USAGE = YES_ERROR;
				CLANG_WARN_EMPTY_BODY = YES;
				CLANG_WARN_ENUM_CONVERSION = YES;
				CLANG_WARN_INFINITE_RECURSION = YES;
				CLANG_WARN_INT_CONVERSION = YES;
				CLANG_WARN_NON_LITERAL_NULL_CONVERSION = YES;
				CLANG_WARN_OBJC_IMPLICIT_RETAIN_SELF = YES;
				CLANG_WARN_OBJC_LITERAL_CONVERSION = YES;
				CLANG_WARN_OBJC_ROOT_CLASS = YES_ERROR;
				CLANG_WARN_RANGE_LOOP_ANALYSIS = YES;
				CLANG_WARN_STRICT_PROTOTYPES = YES;
				CLANG_WARN_SUSPICIOUS_MOVE = YES;
				CLANG_WARN_UNREACHABLE_CODE = YES;
				CLANG_WARN__DUPLICATE_METHOD_MATCH = YES;
				"CODE_SIGN_IDENTITY[sdk=iphoneos*]" = "iPhone Developer";
				COPY_PHASE_STRIP = NO;
				DEBUG_INFORMATION_FORMAT = dwarf;
				ENABLE_STRICT_OBJC_MSGSEND = YES;
				ENABLE_TESTABILITY = YES;
				GCC_C_LANGUAGE_STANDARD = gnu99;
				GCC_DYNAMIC_NO_PIC = NO;
				GCC_NO_COMMON_BLOCKS = YES;
				GCC_OPTIMIZATION_LEVEL = 0;
				GCC_PREPROCESSOR_DEFINITIONS = (
					"DEBUG=1",
					"$(inherited)",
				);
				GCC_WARN_64_TO_32_BIT_CONVERSION = YES;
				GCC_WARN_ABOUT_RETURN_TYPE = YES_ERROR;
				GCC_WARN_UNDECLARED_SELECTOR = YES;
				GCC_WARN_UNINITIALIZED_AUTOS = YES_AGGRESSIVE;
				GCC_WARN_UNUSED_FUNCTION = YES;
				GCC_WARN_UNUSED_VARIABLE = YES;
				IPHONEOS_DEPLOYMENT_TARGET = 10.0;
				MTL_ENABLE_DEBUG_INFO = YES;
				ONLY_ACTIVE_ARCH = YES;
				SDKROOT = iphoneos;
				SWIFT_OPTIMIZATION_LEVEL = "-Onone";
				TARGETED_DEVICE_FAMILY = "1,2";
			};
			name = Debug;
		};
		5B259CD71D6630E0001D755F /* Release */ = {
			isa = XCBuildConfiguration;
			buildSettings = {
				ALWAYS_SEARCH_USER_PATHS = NO;
				CLANG_ANALYZER_NONNULL = YES;
				CLANG_CXX_LANGUAGE_STANDARD = "gnu++0x";
				CLANG_CXX_LIBRARY = "libc++";
				CLANG_ENABLE_MODULES = YES;
				CLANG_ENABLE_OBJC_ARC = YES;
				CLANG_WARN_BLOCK_CAPTURE_AUTORELEASING = YES;
				CLANG_WARN_BOOL_CONVERSION = YES;
				CLANG_WARN_COMMA = YES;
				CLANG_WARN_CONSTANT_CONVERSION = YES;
				CLANG_WARN_DEPRECATED_OBJC_IMPLEMENTATIONS = YES;
				CLANG_WARN_DIRECT_OBJC_ISA_USAGE = YES_ERROR;
				CLANG_WARN_EMPTY_BODY = YES;
				CLANG_WARN_ENUM_CONVERSION = YES;
				CLANG_WARN_INFINITE_RECURSION = YES;
				CLANG_WARN_INT_CONVERSION = YES;
				CLANG_WARN_NON_LITERAL_NULL_CONVERSION = YES;
				CLANG_WARN_OBJC_IMPLICIT_RETAIN_SELF = YES;
				CLANG_WARN_OBJC_LITERAL_CONVERSION = YES;
				CLANG_WARN_OBJC_ROOT_CLASS = YES_ERROR;
				CLANG_WARN_RANGE_LOOP_ANALYSIS = YES;
				CLANG_WARN_STRICT_PROTOTYPES = YES;
				CLANG_WARN_SUSPICIOUS_MOVE = YES;
				CLANG_WARN_UNREACHABLE_CODE = YES;
				CLANG_WARN__DUPLICATE_METHOD_MATCH = YES;
				"CODE_SIGN_IDENTITY[sdk=iphoneos*]" = "";
				COPY_PHASE_STRIP = NO;
				DEBUG_INFORMATION_FORMAT = "dwarf-with-dsym";
				ENABLE_NS_ASSERTIONS = NO;
				ENABLE_STRICT_OBJC_MSGSEND = YES;
				GCC_C_LANGUAGE_STANDARD = gnu99;
				GCC_NO_COMMON_BLOCKS = YES;
				GCC_WARN_64_TO_32_BIT_CONVERSION = YES;
				GCC_WARN_ABOUT_RETURN_TYPE = YES_ERROR;
				GCC_WARN_UNDECLARED_SELECTOR = YES;
				GCC_WARN_UNINITIALIZED_AUTOS = YES_AGGRESSIVE;
				GCC_WARN_UNUSED_FUNCTION = YES;
				GCC_WARN_UNUSED_VARIABLE = YES;
				IPHONEOS_DEPLOYMENT_TARGET = 10.0;
				MTL_ENABLE_DEBUG_INFO = NO;
				SDKROOT = iphoneos;
				SWIFT_COMPILATION_MODE = wholemodule;
				TARGETED_DEVICE_FAMILY = "1,2";
				VALIDATE_PRODUCT = YES;
			};
			name = Release;
		};
		5B259CD91D6630E0001D755F /* Debug */ = {
			isa = XCBuildConfiguration;
			buildSettings = {
				ASSETCATALOG_COMPILER_APPICON_NAME = AppIcon;
				CODE_SIGN_IDENTITY = "Apple Development";
				CODE_SIGN_STYLE = Automatic;
				DEVELOPMENT_TEAM = 85SN83N4QS;
				INFOPLIST_FILE = ProductViewer/Info.plist;
				LD_RUNPATH_SEARCH_PATHS = "$(inherited) @executable_path/Frameworks";
				MARKETING_VERSION = 2.1;
				PRODUCT_BUNDLE_IDENTIFIER = com.target.ProductViewer;
				PRODUCT_NAME = "$(TARGET_NAME)";
				PROVISIONING_PROFILE_SPECIFIER = "";
				SWIFT_VERSION = 5.0;
				TARGETED_DEVICE_FAMILY = 1;
			};
			name = Debug;
		};
		5B259CDA1D6630E0001D755F /* Release */ = {
			isa = XCBuildConfiguration;
			buildSettings = {
				ASSETCATALOG_COMPILER_APPICON_NAME = AppIcon;
				INFOPLIST_FILE = ProductViewer/Info.plist;
				LD_RUNPATH_SEARCH_PATHS = "$(inherited) @executable_path/Frameworks";
				MARKETING_VERSION = 2.1;
				PRODUCT_BUNDLE_IDENTIFIER = com.target.ProductViewer;
				PRODUCT_NAME = "$(TARGET_NAME)";
				SWIFT_VERSION = 5.0;
				TARGETED_DEVICE_FAMILY = 1;
			};
			name = Release;
		};
/* End XCBuildConfiguration section */

/* Begin XCConfigurationList section */
		5216B6BD26948FE600A109BE /* Build configuration list for PBXNativeTarget "ProductViewerTests" */ = {
			isa = XCConfigurationList;
			buildConfigurations = (
				5216B6BE26948FE600A109BE /* Debug */,
				5216B6BF26948FE600A109BE /* Release */,
			);
			defaultConfigurationIsVisible = 0;
			defaultConfigurationName = Release;
		};
		5B259CC11D6630E0001D755F /* Build configuration list for PBXProject "ProductViewer" */ = {
			isa = XCConfigurationList;
			buildConfigurations = (
				5B259CD61D6630E0001D755F /* Debug */,
				5B259CD71D6630E0001D755F /* Release */,
			);
			defaultConfigurationIsVisible = 0;
			defaultConfigurationName = Release;
		};
		5B259CD81D6630E0001D755F /* Build configuration list for PBXNativeTarget "ProductViewer" */ = {
			isa = XCConfigurationList;
			buildConfigurations = (
				5B259CD91D6630E0001D755F /* Debug */,
				5B259CDA1D6630E0001D755F /* Release */,
			);
			defaultConfigurationIsVisible = 0;
			defaultConfigurationName = Release;
		};
/* End XCConfigurationList section */
	};
	rootObject = 5B259CBE1D6630E0001D755F /* Project object */;
}
